{
  "name": "stats-service",
  "version": "0.2.0",
  "lockfileVersion": 2,
  "requires": true,
  "packages": {
    "": {
      "version": "0.2.0",
      "hasInstallScript": true,
      "license": "AGPL-3.0-or-later",
      "dependencies": {
        "bootstrap": "^5.0.0-beta3",
        "chart.js": "^3.1.1",
        "popper.js": "^1.16.1"
      },
      "engines": {
        "node": "12.x"
      }
    },
    "node_modules/@popperjs/core": {
      "version": "2.9.2",
      "resolved": "https://registry.npmjs.org/@popperjs/core/-/core-2.9.2.tgz",
      "integrity": "sha512-VZMYa7+fXHdwIq1TDhSXoVmSPEGM/aa+6Aiq3nVVJ9bXr24zScr+NlKFKC3iPljA7ho/GAZr+d2jOf5GIRC30Q==",
      "peer": true,
      "funding": {
        "type": "opencollective",
        "url": "https://opencollective.com/popperjs"
      }
    },
    "node_modules/bootstrap": {
      "version": "5.0.0-beta3",
      "resolved": "https://registry.npmjs.org/bootstrap/-/bootstrap-5.0.0-beta3.tgz",
      "integrity": "sha512-0urccjfIOzhrb9qJysN8XW/DRw6rg3zH7qLeKIp4Zyl8+Ens4JWB0NC0cB5AhnSFPd2tftRggjwCMxablo6Tpg==",
      "funding": {
        "type": "opencollective",
        "url": "https://opencollective.com/bootstrap"
      },
      "peerDependencies": {
        "@popperjs/core": "^2.9.1"
      }
    },
    "node_modules/chart.js": {
      "version": "3.1.1",
      "resolved": "https://registry.npmjs.org/chart.js/-/chart.js-3.1.1.tgz",
      "integrity": "sha512-ghNJersc9VD9MECwa5bL8gqvCkndW6RSCicdEHL9lIriNtXwKawlSmwo+u6KNXLYT2+f24GdFPBoynKW3ke4MQ=="
    },
    "node_modules/popper.js": {
      "version": "1.16.1",
      "resolved": "https://registry.npmjs.org/popper.js/-/popper.js-1.16.1.tgz",
      "integrity": "sha512-Wb4p1J4zyFTbM+u6WuO4XstYx4Ky9Cewe4DWrel7B0w6VVICvPwdOpotjzcf6eD8TsckVnIMNONQyPIUFOUbCQ=="
    }
  },
  "dependencies": {
    "@popperjs/core": {
      "version": "2.9.2",
      "resolved": "https://registry.npmjs.org/@popperjs/core/-/core-2.9.2.tgz",
      "integrity": "sha512-VZMYa7+fXHdwIq1TDhSXoVmSPEGM/aa+6Aiq3nVVJ9bXr24zScr+NlKFKC3iPljA7ho/GAZr+d2jOf5GIRC30Q==",
      "peer": true
    },
    "bootstrap": {
      "version": "5.0.0-beta3",
      "resolved": "https://registry.npmjs.org/bootstrap/-/bootstrap-5.0.0-beta3.tgz",
      "integrity": "sha512-0urccjfIOzhrb9qJysN8XW/DRw6rg3zH7qLeKIp4Zyl8+Ens4JWB0NC0cB5AhnSFPd2tftRggjwCMxablo6Tpg==",
      "requires": {}
    },
    "chart.js": {
      "version": "3.1.1",
      "resolved": "https://registry.npmjs.org/chart.js/-/chart.js-3.1.1.tgz",
      "integrity": "sha512-ghNJersc9VD9MECwa5bL8gqvCkndW6RSCicdEHL9lIriNtXwKawlSmwo+u6KNXLYT2+f24GdFPBoynKW3ke4MQ=="
    },
    "popper.js": {
      "version": "1.16.1",
      "resolved": "https://registry.npmjs.org/popper.js/-/popper.js-1.16.1.tgz",
      "integrity": "sha512-Wb4p1J4zyFTbM+u6WuO4XstYx4Ky9Cewe4DWrel7B0w6VVICvPwdOpotjzcf6eD8TsckVnIMNONQyPIUFOUbCQ=="
    }
  }
}
